
Microsoft Visual Studio Solution File, Format Version 12.00
# Visual Studio 15
VisualStudioVersion = 15.0.26228.9
MinimumVisualStudioVersion = 10.0.40219.1
Project("{E24C65DC-7377-472B-9ABA-BC803B73C61A}") = "web", "..\..\..\..\OneDrive\Skole\Systemudvikling\Kode\web\", "{4491E006-6F95-48F2-95A1-7E364FBD130A}"
	ProjectSection(WebsiteProperties) = preProject
		TargetFrameworkMoniker = ".NETFramework,Version%3Dv4.6.2"
		Debug.AspNetCompiler.VirtualPath = "/localhost_50090"
		Debug.AspNetCompiler.PhysicalPath = "..\..\..\..\OneDrive\Skole\Systemudvikling\Kode\web\"
		Debug.AspNetCompiler.TargetPath = "PrecompiledWeb\localhost_50090\"
		Debug.AspNetCompiler.Updateable = "true"
		Debug.AspNetCompiler.ForceOverwrite = "true"
		Debug.AspNetCompiler.FixedNames = "false"
		Debug.AspNetCompiler.Debug = "True"
		Release.AspNetCompiler.VirtualPath = "/localhost_50090"
		Release.AspNetCompiler.PhysicalPath = "..\..\..\..\OneDrive\Skole\Systemudvikling\Kode\web\"
		Release.AspNetCompiler.TargetPath = "PrecompiledWeb\localhost_50090\"
		Release.AspNetCompiler.Updateable = "true"
		Release.AspNetCompiler.ForceOverwrite = "true"
		Release.AspNetCompiler.FixedNames = "false"
		Release.AspNetCompiler.Debug = "False"
		VWDPort = "50090"
		SlnRelativePath = "..\..\..\..\OneDrive\Skole\Systemudvikling\Kode\web\"
		DefaultWebSiteLanguage = "Visual C#"
	EndProjectSection
EndProject
Global
	GlobalSection(SolutionConfigurationPlatforms) = preSolution
		Debug|Any CPU = Debug|Any CPU
	EndGlobalSection
	GlobalSection(ProjectConfigurationPlatforms) = postSolution
		{4491E006-6F95-48F2-95A1-7E364FBD130A}.Debug|Any CPU.ActiveCfg = Debug|Any CPU
		{4491E006-6F95-48F2-95A1-7E364FBD130A}.Debug|Any CPU.Build.0 = Debug|Any CPU
	EndGlobalSection
	GlobalSection(SolutionProperties) = preSolution
		HideSolutionNode = FALSE
	EndGlobalSection
EndGlobal
